
Microsoft Visual Studio Solution File, Format Version 12.00
# Visual Studio 14
VisualStudioVersion = 14.0.23107.0
MinimumVisualStudioVersion = 10.0.40219.1
Project("{2150E333-8FDC-42A3-9474-1A3956D46DE8}") = "Generator", "Generator", "{8AB48657-24C6-4952-89D2-6E9BD89B5DA4}"
EndProject
Project("{2150E333-8FDC-42A3-9474-1A3956D46DE8}") = "Demo", "Demo", "{F7A5761B-55B9-4B4A-88B2-BEF8143D1C9A}"
EndProject
Project("{FAE04EC0-301F-11D3-BF4B-00C04F79EFBC}") = "Demo.Server.WebHost", "Demo\Demo.Server.WebHost\Demo.Server.WebHost.csproj", "{FA738FC4-6E7A-4505-9F54-E8B4D10632BF}"
EndProject
Project("{FAE04EC0-301F-11D3-BF4B-00C04F79EFBC}") = "Demo.Client.WPF", "Demo\Demo.Client.WPF\Demo.Client.WPF.csproj", "{67F83ED4-1F54-4AEC-AD52-B6396318A7EA}"
EndProject
Project("{FAE04EC0-301F-11D3-BF4B-00C04F79EFBC}") = "Demo.Client.Universal", "Demo\Demo.Client.Universal\Demo.Client.Universal.csproj", "{6219A21B-D2AA-44A4-A99D-9C2E85225203}"
EndProject
Project("{FAE04EC0-301F-11D3-BF4B-00C04F79EFBC}") = "Demo.Model", "Demo\Demo.Model\Demo.Model.csproj", "{46F6154B-EF97-44DA-A966-8D0528E51D66}"
EndProject
Project("{FAE04EC0-301F-11D3-BF4B-00C04F79EFBC}") = "WebApiProxy.Client.CSharpProxyGenerator", "Generator\WebApiProxy.Client.CSharpProxyGenerator\WebApiProxy.Client.CSharpProxyGenerator.csproj", "{757B566D-A0C4-4A12-9646-7D74D2217932}"
EndProject
Project("{FAE04EC0-301F-11D3-BF4B-00C04F79EFBC}") = "WebApiProxy.Server.MetadataGenerator", "Generator\WebApiProxy.Server.MetadataGenerator\WebApiProxy.Server.MetadataGenerator.csproj", "{681C3CFC-75C1-40B2-957E-28D5C7B784FA}"
EndProject
Project("{FAE04EC0-301F-11D3-BF4B-00C04F79EFBC}") = "WebApiProxy.Common", "Generator\WebApiProxy.Common\WebApiProxy.Common.csproj", "{0BD38CFA-E428-457C-93DB-CEA7B84952F8}"
EndProject
Global
	GlobalSection(SolutionConfigurationPlatforms) = preSolution
		Debug|Any CPU = Debug|Any CPU
		Debug|ARM = Debug|ARM
		Debug|x64 = Debug|x64
		Debug|x86 = Debug|x86
		Release|Any CPU = Release|Any CPU
		Release|ARM = Release|ARM
		Release|x64 = Release|x64
		Release|x86 = Release|x86
	EndGlobalSection
	GlobalSection(ProjectConfigurationPlatforms) = postSolution
		{FA738FC4-6E7A-4505-9F54-E8B4D10632BF}.Debug|Any CPU.ActiveCfg = Debug|Any CPU
		{FA738FC4-6E7A-4505-9F54-E8B4D10632BF}.Debug|Any CPU.Build.0 = Debug|Any CPU
		{FA738FC4-6E7A-4505-9F54-E8B4D10632BF}.Debug|ARM.ActiveCfg = Debug|Any CPU
		{FA738FC4-6E7A-4505-9F54-E8B4D10632BF}.Debug|ARM.Build.0 = Debug|Any CPU
		{FA738FC4-6E7A-4505-9F54-E8B4D10632BF}.Debug|x64.ActiveCfg = Debug|Any CPU
		{FA738FC4-6E7A-4505-9F54-E8B4D10632BF}.Debug|x64.Build.0 = Debug|Any CPU
		{FA738FC4-6E7A-4505-9F54-E8B4D10632BF}.Debug|x86.ActiveCfg = Debug|Any CPU
		{FA738FC4-6E7A-4505-9F54-E8B4D10632BF}.Debug|x86.Build.0 = Debug|Any CPU
		{FA738FC4-6E7A-4505-9F54-E8B4D10632BF}.Release|Any CPU.ActiveCfg = Release|Any CPU
		{FA738FC4-6E7A-4505-9F54-E8B4D10632BF}.Release|Any CPU.Build.0 = Release|Any CPU
		{FA738FC4-6E7A-4505-9F54-E8B4D10632BF}.Release|ARM.ActiveCfg = Release|Any CPU
		{FA738FC4-6E7A-4505-9F54-E8B4D10632BF}.Release|ARM.Build.0 = Release|Any CPU
		{FA738FC4-6E7A-4505-9F54-E8B4D10632BF}.Release|x64.ActiveCfg = Release|Any CPU
		{FA738FC4-6E7A-4505-9F54-E8B4D10632BF}.Release|x64.Build.0 = Release|Any CPU
		{FA738FC4-6E7A-4505-9F54-E8B4D10632BF}.Release|x86.ActiveCfg = Release|Any CPU
		{FA738FC4-6E7A-4505-9F54-E8B4D10632BF}.Release|x86.Build.0 = Release|Any CPU
		{67F83ED4-1F54-4AEC-AD52-B6396318A7EA}.Debug|Any CPU.ActiveCfg = Debug|Any CPU
		{67F83ED4-1F54-4AEC-AD52-B6396318A7EA}.Debug|Any CPU.Build.0 = Debug|Any CPU
		{67F83ED4-1F54-4AEC-AD52-B6396318A7EA}.Debug|ARM.ActiveCfg = Debug|Any CPU
		{67F83ED4-1F54-4AEC-AD52-B6396318A7EA}.Debug|ARM.Build.0 = Debug|Any CPU
		{67F83ED4-1F54-4AEC-AD52-B6396318A7EA}.Debug|x64.ActiveCfg = Debug|Any CPU
		{67F83ED4-1F54-4AEC-AD52-B6396318A7EA}.Debug|x64.Build.0 = Debug|Any CPU
		{67F83ED4-1F54-4AEC-AD52-B6396318A7EA}.Debug|x86.ActiveCfg = Debug|Any CPU
		{67F83ED4-1F54-4AEC-AD52-B6396318A7EA}.Debug|x86.Build.0 = Debug|Any CPU
		{67F83ED4-1F54-4AEC-AD52-B6396318A7EA}.Release|Any CPU.ActiveCfg = Release|Any CPU
		{67F83ED4-1F54-4AEC-AD52-B6396318A7EA}.Release|Any CPU.Build.0 = Release|Any CPU
		{67F83ED4-1F54-4AEC-AD52-B6396318A7EA}.Release|ARM.ActiveCfg = Release|Any CPU
		{67F83ED4-1F54-4AEC-AD52-B6396318A7EA}.Release|ARM.Build.0 = Release|Any CPU
		{67F83ED4-1F54-4AEC-AD52-B6396318A7EA}.Release|x64.ActiveCfg = Release|Any CPU
		{67F83ED4-1F54-4AEC-AD52-B6396318A7EA}.Release|x64.Build.0 = Release|Any CPU
		{67F83ED4-1F54-4AEC-AD52-B6396318A7EA}.Release|x86.ActiveCfg = Release|Any CPU
		{67F83ED4-1F54-4AEC-AD52-B6396318A7EA}.Release|x86.Build.0 = Release|Any CPU
		{6219A21B-D2AA-44A4-A99D-9C2E85225203}.Debug|Any CPU.ActiveCfg = Debug|x86
		{6219A21B-D2AA-44A4-A99D-9C2E85225203}.Debug|ARM.ActiveCfg = Debug|ARM
		{6219A21B-D2AA-44A4-A99D-9C2E85225203}.Debug|ARM.Build.0 = Debug|ARM
		{6219A21B-D2AA-44A4-A99D-9C2E85225203}.Debug|ARM.Deploy.0 = Debug|ARM
		{6219A21B-D2AA-44A4-A99D-9C2E85225203}.Debug|x64.ActiveCfg = Debug|x64
		{6219A21B-D2AA-44A4-A99D-9C2E85225203}.Debug|x64.Build.0 = Debug|x64
		{6219A21B-D2AA-44A4-A99D-9C2E85225203}.Debug|x64.Deploy.0 = Debug|x64
		{6219A21B-D2AA-44A4-A99D-9C2E85225203}.Debug|x86.ActiveCfg = Debug|x86
		{6219A21B-D2AA-44A4-A99D-9C2E85225203}.Debug|x86.Build.0 = Debug|x86
		{6219A21B-D2AA-44A4-A99D-9C2E85225203}.Debug|x86.Deploy.0 = Debug|x86
		{6219A21B-D2AA-44A4-A99D-9C2E85225203}.Release|Any CPU.ActiveCfg = Release|x86
		{6219A21B-D2AA-44A4-A99D-9C2E85225203}.Release|ARM.ActiveCfg = Release|ARM
		{6219A21B-D2AA-44A4-A99D-9C2E85225203}.Release|ARM.Build.0 = Release|ARM
		{6219A21B-D2AA-44A4-A99D-9C2E85225203}.Release|ARM.Deploy.0 = Release|ARM
		{6219A21B-D2AA-44A4-A99D-9C2E85225203}.Release|x64.ActiveCfg = Release|x64
		{6219A21B-D2AA-44A4-A99D-9C2E85225203}.Release|x64.Build.0 = Release|x64
		{6219A21B-D2AA-44A4-A99D-9C2E85225203}.Release|x64.Deploy.0 = Release|x64
		{6219A21B-D2AA-44A4-A99D-9C2E85225203}.Release|x86.ActiveCfg = Release|x86
		{6219A21B-D2AA-44A4-A99D-9C2E85225203}.Release|x86.Build.0 = Release|x86
		{6219A21B-D2AA-44A4-A99D-9C2E85225203}.Release|x86.Deploy.0 = Release|x86
		{46F6154B-EF97-44DA-A966-8D0528E51D66}.Debug|Any CPU.ActiveCfg = Debug|Any CPU
		{46F6154B-EF97-44DA-A966-8D0528E51D66}.Debug|Any CPU.Build.0 = Debug|Any CPU
		{46F6154B-EF97-44DA-A966-8D0528E51D66}.Debug|ARM.ActiveCfg = Debug|Any CPU
		{46F6154B-EF97-44DA-A966-8D0528E51D66}.Debug|ARM.Build.0 = Debug|Any CPU
		{46F6154B-EF97-44DA-A966-8D0528E51D66}.Debug|x64.ActiveCfg = Debug|Any CPU
		{46F6154B-EF97-44DA-A966-8D0528E51D66}.Debug|x64.Build.0 = Debug|Any CPU
		{46F6154B-EF97-44DA-A966-8D0528E51D66}.Debug|x86.ActiveCfg = Debug|Any CPU
		{46F6154B-EF97-44DA-A966-8D0528E51D66}.Debug|x86.Build.0 = Debug|Any CPU
		{46F6154B-EF97-44DA-A966-8D0528E51D66}.Release|Any CPU.ActiveCfg = Release|Any CPU
		{46F6154B-EF97-44DA-A966-8D0528E51D66}.Release|Any CPU.Build.0 = Release|Any CPU
		{46F6154B-EF97-44DA-A966-8D0528E51D66}.Release|ARM.ActiveCfg = Release|Any CPU
		{46F6154B-EF97-44DA-A966-8D0528E51D66}.Release|ARM.Build.0 = Release|Any CPU
		{46F6154B-EF97-44DA-A966-8D0528E51D66}.Release|x64.ActiveCfg = Release|Any CPU
		{46F6154B-EF97-44DA-A966-8D0528E51D66}.Release|x64.Build.0 = Release|Any CPU
		{46F6154B-EF97-44DA-A966-8D0528E51D66}.Release|x86.ActiveCfg = Release|Any CPU
		{46F6154B-EF97-44DA-A966-8D0528E51D66}.Release|x86.Build.0 = Release|Any CPU
		{757B566D-A0C4-4A12-9646-7D74D2217932}.Debug|Any CPU.ActiveCfg = Debug|Any CPU
		{757B566D-A0C4-4A12-9646-7D74D2217932}.Debug|Any CPU.Build.0 = Debug|Any CPU
		{757B566D-A0C4-4A12-9646-7D74D2217932}.Debug|ARM.ActiveCfg = Debug|Any CPU
		{757B566D-A0C4-4A12-9646-7D74D2217932}.Debug|ARM.Build.0 = Debug|Any CPU
		{757B566D-A0C4-4A12-9646-7D74D2217932}.Debug|x64.ActiveCfg = Debug|Any CPU
		{757B566D-A0C4-4A12-9646-7D74D2217932}.Debug|x64.Build.0 = Debug|Any CPU
		{757B566D-A0C4-4A12-9646-7D74D2217932}.Debug|x86.ActiveCfg = Debug|Any CPU
		{757B566D-A0C4-4A12-9646-7D74D2217932}.Debug|x86.Build.0 = Debug|Any CPU
		{757B566D-A0C4-4A12-9646-7D74D2217932}.Release|Any CPU.ActiveCfg = Release|Any CPU
		{757B566D-A0C4-4A12-9646-7D74D2217932}.Release|Any CPU.Build.0 = Release|Any CPU
		{757B566D-A0C4-4A12-9646-7D74D2217932}.Release|ARM.ActiveCfg = Release|Any CPU
		{757B566D-A0C4-4A12-9646-7D74D2217932}.Release|ARM.Build.0 = Release|Any CPU
		{757B566D-A0C4-4A12-9646-7D74D2217932}.Release|x64.ActiveCfg = Release|Any CPU
		{757B566D-A0C4-4A12-9646-7D74D2217932}.Release|x64.Build.0 = Release|Any CPU
		{757B566D-A0C4-4A12-9646-7D74D2217932}.Release|x86.ActiveCfg = Release|Any CPU
		{757B566D-A0C4-4A12-9646-7D74D2217932}.Release|x86.Build.0 = Release|Any CPU
		{681C3CFC-75C1-40B2-957E-28D5C7B784FA}.Debug|Any CPU.ActiveCfg = Debug|Any CPU
		{681C3CFC-75C1-40B2-957E-28D5C7B784FA}.Debug|Any CPU.Build.0 = Debug|Any CPU
		{681C3CFC-75C1-40B2-957E-28D5C7B784FA}.Debug|ARM.ActiveCfg = Debug|Any CPU
		{681C3CFC-75C1-40B2-957E-28D5C7B784FA}.Debug|ARM.Build.0 = Debug|Any CPU
		{681C3CFC-75C1-40B2-957E-28D5C7B784FA}.Debug|x64.ActiveCfg = Debug|Any CPU
		{681C3CFC-75C1-40B2-957E-28D5C7B784FA}.Debug|x64.Build.0 = Debug|Any CPU
		{681C3CFC-75C1-40B2-957E-28D5C7B784FA}.Debug|x86.ActiveCfg = Debug|Any CPU
		{681C3CFC-75C1-40B2-957E-28D5C7B784FA}.Debug|x86.Build.0 = Debug|Any CPU
		{681C3CFC-75C1-40B2-957E-28D5C7B784FA}.Release|Any CPU.ActiveCfg = Release|Any CPU
		{681C3CFC-75C1-40B2-957E-28D5C7B784FA}.Release|Any CPU.Build.0 = Release|Any CPU
		{681C3CFC-75C1-40B2-957E-28D5C7B784FA}.Release|ARM.ActiveCfg = Release|Any CPU
		{681C3CFC-75C1-40B2-957E-28D5C7B784FA}.Release|ARM.Build.0 = Release|Any CPU
		{681C3CFC-75C1-40B2-957E-28D5C7B784FA}.Release|x64.ActiveCfg = Release|Any CPU
		{681C3CFC-75C1-40B2-957E-28D5C7B784FA}.Release|x64.Build.0 = Release|Any CPU
		{681C3CFC-75C1-40B2-957E-28D5C7B784FA}.Release|x86.ActiveCfg = Release|Any CPU
		{681C3CFC-75C1-40B2-957E-28D5C7B784FA}.Release|x86.Build.0 = Release|Any CPU
		{0BD38CFA-E428-457C-93DB-CEA7B84952F8}.Debug|Any CPU.ActiveCfg = Debug|Any CPU
		{0BD38CFA-E428-457C-93DB-CEA7B84952F8}.Debug|Any CPU.Build.0 = Debug|Any CPU
		{0BD38CFA-E428-457C-93DB-CEA7B84952F8}.Debug|ARM.ActiveCfg = Debug|Any CPU
		{0BD38CFA-E428-457C-93DB-CEA7B84952F8}.Debug|ARM.Build.0 = Debug|Any CPU
		{0BD38CFA-E428-457C-93DB-CEA7B84952F8}.Debug|x64.ActiveCfg = Debug|Any CPU
		{0BD38CFA-E428-457C-93DB-CEA7B84952F8}.Debug|x64.Build.0 = Debug|Any CPU
		{0BD38CFA-E428-457C-93DB-CEA7B84952F8}.Debug|x86.ActiveCfg = Debug|Any CPU
		{0BD38CFA-E428-457C-93DB-CEA7B84952F8}.Debug|x86.Build.0 = Debug|Any CPU
		{0BD38CFA-E428-457C-93DB-CEA7B84952F8}.Release|Any CPU.ActiveCfg = Release|Any CPU
		{0BD38CFA-E428-457C-93DB-CEA7B84952F8}.Release|Any CPU.Build.0 = Release|Any CPU
		{0BD38CFA-E428-457C-93DB-CEA7B84952F8}.Release|ARM.ActiveCfg = Release|Any CPU
		{0BD38CFA-E428-457C-93DB-CEA7B84952F8}.Release|ARM.Build.0 = Release|Any CPU
		{0BD38CFA-E428-457C-93DB-CEA7B84952F8}.Release|x64.ActiveCfg = Release|Any CPU
		{0BD38CFA-E428-457C-93DB-CEA7B84952F8}.Release|x64.Build.0 = Release|Any CPU
		{0BD38CFA-E428-457C-93DB-CEA7B84952F8}.Release|x86.ActiveCfg = Release|Any CPU
		{0BD38CFA-E428-457C-93DB-CEA7B84952F8}.Release|x86.Build.0 = Release|Any CPU
	EndGlobalSection
	GlobalSection(SolutionProperties) = preSolution
		HideSolutionNode = FALSE
	EndGlobalSection
	GlobalSection(NestedProjects) = preSolution
		{FA738FC4-6E7A-4505-9F54-E8B4D10632BF} = {F7A5761B-55B9-4B4A-88B2-BEF8143D1C9A}
		{67F83ED4-1F54-4AEC-AD52-B6396318A7EA} = {F7A5761B-55B9-4B4A-88B2-BEF8143D1C9A}
		{6219A21B-D2AA-44A4-A99D-9C2E85225203} = {F7A5761B-55B9-4B4A-88B2-BEF8143D1C9A}
		{46F6154B-EF97-44DA-A966-8D0528E51D66} = {F7A5761B-55B9-4B4A-88B2-BEF8143D1C9A}
		{757B566D-A0C4-4A12-9646-7D74D2217932} = {8AB48657-24C6-4952-89D2-6E9BD89B5DA4}
		{681C3CFC-75C1-40B2-957E-28D5C7B784FA} = {8AB48657-24C6-4952-89D2-6E9BD89B5DA4}
		{0BD38CFA-E428-457C-93DB-CEA7B84952F8} = {8AB48657-24C6-4952-89D2-6E9BD89B5DA4}
	EndGlobalSection
EndGlobal
